
Microsoft Visual Studio Solution File, Format Version 12.00
# Visual Studio 15
VisualStudioVersion = 15.0.28307.705
MinimumVisualStudioVersion = 10.0.40219.1
Project("{FAE04EC0-301F-11D3-BF4B-00C04F79EFBC}") = "ApnCore_CRUD", "ApnCore_CRUD\ApnCore_CRUD.csproj", "{39983638-5E36-451B-A43E-174F7CF773DB}"
EndProject
Global
	GlobalSection(SolutionConfigurationPlatforms) = preSolution
		Debug|Any CPU = Debug|Any CPU
		Release|Any CPU = Release|Any CPU
	EndGlobalSection
	GlobalSection(ProjectConfigurationPlatforms) = postSolution
		{39983638-5E36-451B-A43E-174F7CF773DB}.Debug|Any CPU.ActiveCfg = Debug|Any CPU
		{39983638-5E36-451B-A43E-174F7CF773DB}.Debug|Any CPU.Build.0 = Debug|Any CPU
		{39983638-5E36-451B-A43E-174F7CF773DB}.Release|Any CPU.ActiveCfg = Release|Any CPU
		{39983638-5E36-451B-A43E-174F7CF773DB}.Release|Any CPU.Build.0 = Release|Any CPU
	EndGlobalSection
	GlobalSection(SolutionProperties) = preSolution
		HideSolutionNode = FALSE
	EndGlobalSection
	GlobalSection(ExtensibilityGlobals) = postSolution
		SolutionGuid = {ED4FEE73-063F-408D-9A63-09AC54F8499A}
	EndGlobalSection
EndGlobal
